
Microsoft Visual Studio Solution File, Format Version 12.00
# Visual Studio 15
VisualStudioVersion = 15.0.28307.271
MinimumVisualStudioVersion = 10.0.40219.1
Project("{FAE04EC0-301F-11D3-BF4B-00C04F79EFBC}") = "BookService", "BookService\BookService.csproj", "{88824B51-77C0-48CE-B7B9-D42872D149B2}"
EndProject
Global
	GlobalSection(SolutionConfigurationPlatforms) = preSolution
		Debug|Any CPU = Debug|Any CPU
		Release|Any CPU = Release|Any CPU
	EndGlobalSection
	GlobalSection(ProjectConfigurationPlatforms) = postSolution
		{88824B51-77C0-48CE-B7B9-D42872D149B2}.Debug|Any CPU.ActiveCfg = Debug|Any CPU
		{88824B51-77C0-48CE-B7B9-D42872D149B2}.Debug|Any CPU.Build.0 = Debug|Any CPU
		{88824B51-77C0-48CE-B7B9-D42872D149B2}.Release|Any CPU.ActiveCfg = Release|Any CPU
		{88824B51-77C0-48CE-B7B9-D42872D149B2}.Release|Any CPU.Build.0 = Release|Any CPU
	EndGlobalSection
	GlobalSection(SolutionProperties) = preSolution
		HideSolutionNode = FALSE
	EndGlobalSection
	GlobalSection(ExtensibilityGlobals) = postSolution
		SolutionGuid = {76674455-588B-469F-BA52-92EA0C8FD38D}
	EndGlobalSection
EndGlobal
